
Microsoft Visual Studio Solution File, Format Version 12.00
# Visual Studio Version 17
VisualStudioVersion = 17.3.32811.315
MinimumVisualStudioVersion = 10.0.40219.1
Project("{8BC9CEB8-8B4A-11D0-8D11-00A0C91BC942}") = "pf project", "pf project\pf project.vcxproj", "{AA69B5E1-E099-4E07-BA7D-E250EC89688E}"
EndProject
Global
	GlobalSection(SolutionConfigurationPlatforms) = preSolution
		Debug|x64 = Debug|x64
		Debug|x86 = Debug|x86
		Release|x64 = Release|x64
		Release|x86 = Release|x86
	EndGlobalSection
	GlobalSection(ProjectConfigurationPlatforms) = postSolution
		{AA69B5E1-E099-4E07-BA7D-E250EC89688E}.Debug|x64.ActiveCfg = Debug|x64
		{AA69B5E1-E099-4E07-BA7D-E250EC89688E}.Debug|x64.Build.0 = Debug|x64
		{AA69B5E1-E099-4E07-BA7D-E250EC89688E}.Debug|x86.ActiveCfg = Debug|Win32
		{AA69B5E1-E099-4E07-BA7D-E250EC89688E}.Debug|x86.Build.0 = Debug|Win32
		{AA69B5E1-E099-4E07-BA7D-E250EC89688E}.Release|x64.ActiveCfg = Release|x64
		{AA69B5E1-E099-4E07-BA7D-E250EC89688E}.Release|x64.Build.0 = Release|x64
		{AA69B5E1-E099-4E07-BA7D-E250EC89688E}.Release|x86.ActiveCfg = Release|Win32
		{AA69B5E1-E099-4E07-BA7D-E250EC89688E}.Release|x86.Build.0 = Release|Win32
	EndGlobalSection
	GlobalSection(SolutionProperties) = preSolution
		HideSolutionNode = FALSE
	EndGlobalSection
	GlobalSection(ExtensibilityGlobals) = postSolution
		SolutionGuid = {59E06F5B-8759-4330-AF2E-9EF11FC59759}
	EndGlobalSection
EndGlobal
